PODS:
  - ADLivelyCollectionView (1.0.0)
  - AFNetworking (2.6.3):
    - AFNetworking/NSURLConnection (= 2.6.3)
    - AFNetworking/NSURLSession (= 2.6.3)
    - AFNetworking/Reachability (= 2.6.3)
    - AFNetworking/Security (= 2.6.3)
    - AFNetworking/Serialization (= 2.6.3)
    - AFNetworking/UIKit (= 2.6.3)
  - AFNetworking/NSURLConnection (2.6.3):
    - AFNetworking/Reachability
    - AFNetworking/Security
    - AFNetworking/Serialization
  - AFNetworking/NSURLSession (2.6.3):
    - AFNetworking/Reachability
    - AFNetworking/Security
    - AFNetworking/Serialization
  - AFNetworking/Reachability (2.6.3)
  - AFNetworking/Security (2.6.3)
  - AFNetworking/Serialization (2.6.3)
  - AFNetworking/UIKit (2.6.3):
    - AFNetworking/NSURLConnection
    - AFNetworking/NSURLSession
  - GoogleMaps (1.11.0)

DEPENDENCIES:
  - ADLivelyCollectionView
  - AFNetworking (~> 2.5)
  - GoogleMaps

SPEC CHECKSUMS:
  ADLivelyCollectionView: 1d96de6cbb87ef45e25ab9fa5ac96f43d36a0a39
  AFNetworking: cb8d14a848e831097108418f5d49217339d4eb60
  GoogleMaps: 272cf7e7b8aacf4319eac47d57f3b7d142c0826a

COCOAPODS: 0.39.0
