// !$*UTF8*$!
{
	archiveVersion = 1;
	classes = {
	};
	objectVersion = 46;
	objects = {

/* Begin PBXBuildFile section */
		960ECF471BFEA20B00A50069 /* main.m in Sources */ = {isa = PBXBuildFile; fileRef = 960ECF461BFEA20B00A50069 /* main.m */; };
		960ECF4A1BFEA20B00A50069 /* AppDelegate.m in Sources */ = {isa = PBXBuildFile; fileRef = 960ECF491BFEA20B00A50069 /* AppDelegate.m */; };
		960ECF4D1BFEA20B00A50069 /* MapViewController.m in Sources */ = {isa = PBXBuildFile; fileRef = 960ECF4C1BFEA20B00A50069 /* MapViewController.m */; };
		960ECF501BFEA20B00A50069 /* Main.storyboard in Resources */ = {isa = PBXBuildFile; fileRef = 960ECF4E1BFEA20B00A50069 /* Main.storyboard */; };
		960ECF521BFEA20B00A50069 /* Assets.xcassets in Resources */ = {isa = PBXBuildFile; fileRef = 960ECF511BFEA20B00A50069 /* Assets.xcassets */; };
		960ECF551BFEA20B00A50069 /* LaunchScreen.storyboard in Resources */ = {isa = PBXBuildFile; fileRef = 960ECF531BFEA20B00A50069 /* LaunchScreen.storyboard */; };
		96734F7E1C122324008CC403 /* SearchResultCell.m in Sources */ = {isa = PBXBuildFile; fileRef = 96734F7C1C122324008CC403 /* SearchResultCell.m */; };
		96734F7F1C122324008CC403 /* SearchResultCell.xib in Resources */ = {isa = PBXBuildFile; fileRef = 96734F7D1C122324008CC403 /* SearchResultCell.xib */; };
		96734F831C13A38F008CC403 /* SearchPlaceModel.m in Sources */ = {isa = PBXBuildFile; fileRef = 96734F821C13A38F008CC403 /* SearchPlaceModel.m */; };
		96734F861C13ACD1008CC403 /* MapSearchViewController.m in Sources */ = {isa = PBXBuildFile; fileRef = 96734F851C13ACD1008CC403 /* MapSearchViewController.m */; };
		96734F8A1C13AD94008CC403 /* MapSearchResultCell.m in Sources */ = {isa = PBXBuildFile; fileRef = 96734F881C13AD94008CC403 /* MapSearchResultCell.m */; };
		96734F8B1C13AD94008CC403 /* MapSearchResultCell.xib in Resources */ = {isa = PBXBuildFile; fileRef = 96734F891C13AD94008CC403 /* MapSearchResultCell.xib */; };
		96FECC6D1C057B2A00D410FA /* MapKit.framework in Frameworks */ = {isa = PBXBuildFile; fileRef = 96FECC6C1C057B2A00D410FA /* MapKit.framework */; };
		96FECC701C062A7D00D410FA /* DirectionsHelper.m in Sources */ = {isa = PBXBuildFile; fileRef = 96FECC6F1C062A7D00D410FA /* DirectionsHelper.m */; settings = {ASSET_TAGS = (); }; };
		A0D41FE38FE653BB4BFB0858 /* Pods.framework in Frameworks */ = {isa = PBXBuildFile; fileRef = 394751ADFB3FE99E23722F45 /* Pods.framework */; };
		AD0536671C06AA7A00C12D12 /* SearchViewController.m in Sources */ = {isa = PBXBuildFile; fileRef = AD0536661C06AA7A00C12D12 /* SearchViewController.m */; settings = {ASSET_TAGS = (); }; };
		AD663B551C153999003153DD /* MerchantDetailsView.m in Sources */ = {isa = PBXBuildFile; fileRef = AD663B531C153999003153DD /* MerchantDetailsView.m */; settings = {ASSET_TAGS = (); }; };
		AD663B561C153999003153DD /* MerchantDetailsView.xib in Resources */ = {isa = PBXBuildFile; fileRef = AD663B541C153999003153DD /* MerchantDetailsView.xib */; settings = {ASSET_TAGS = (); }; };
/* End PBXBuildFile section */

/* Begin PBXFileReference section */
		334D8E9AC9675998B5682CF1 /* Pods.release.xcconfig */ = {isa = PBXFileReference; includeInIndex = 1; lastKnownFileType = text.xcconfig; name = Pods.release.xcconfig; path = "../Pods/Target Support Files/Pods/Pods.release.xcconfig"; sourceTree = "<group>"; };
		394751ADFB3FE99E23722F45 /* Pods.framework */ = {isa = PBXFileReference; explicitFileType = wrapper.framework; includeInIndex = 0; path = Pods.framework; sourceTree = BUILT_PRODUCTS_DIR; };
		960ECF421BFEA20B00A50069 /* RouteOptimizer.app */ = {isa = PBXFileReference; explicitFileType = wrapper.application; includeInIndex = 0; path = RouteOptimizer.app; sourceTree = BUILT_PRODUCTS_DIR; };
		960ECF461BFEA20B00A50069 /* main.m */ = {isa = PBXFileReference; lastKnownFileType = sourcecode.c.objc; path = main.m; sourceTree = "<group>"; };
		960ECF481BFEA20B00A50069 /* AppDelegate.h */ = {isa = PBXFileReference; lastKnownFileType = sourcecode.c.h; path = AppDelegate.h; sourceTree = "<group>"; };
		960ECF491BFEA20B00A50069 /* AppDelegate.m */ = {isa = PBXFileReference; lastKnownFileType = sourcecode.c.objc; path = AppDelegate.m; sourceTree = "<group>"; };
		960ECF4B1BFEA20B00A50069 /* MapViewController.h */ = {isa = PBXFileReference; lastKnownFileType = sourcecode.c.h; path = MapViewController.h; sourceTree = "<group>"; };
		960ECF4C1BFEA20B00A50069 /* MapViewController.m */ = {isa = PBXFileReference; lastKnownFileType = sourcecode.c.objc; path = MapViewController.m; sourceTree = "<group>"; };
		960ECF4F1BFEA20B00A50069 /* Base */ = {isa = PBXFileReference; lastKnownFileType = file.storyboard; name = Base; path = Base.lproj/Main.storyboard; sourceTree = "<group>"; };
		960ECF511BFEA20B00A50069 /* Assets.xcassets */ = {isa = PBXFileReference; lastKnownFileType = folder.assetcatalog; path = Assets.xcassets; sourceTree = "<group>"; };
		960ECF541BFEA20B00A50069 /* Base */ = {isa = PBXFileReference; lastKnownFileType = file.storyboard; name = Base; path = Base.lproj/LaunchScreen.storyboard; sourceTree = "<group>"; };
		960ECF561BFEA20B00A50069 /* Info.plist */ = {isa = PBXFileReference; lastKnownFileType = text.plist.xml; path = Info.plist; sourceTree = "<group>"; };
		96734F7B1C122324008CC403 /* SearchResultCell.h */ = {isa = PBXFileReference; fileEncoding = 4; lastKnownFileType = sourcecode.c.h; path = SearchResultCell.h; sourceTree = "<group>"; };
		96734F7C1C122324008CC403 /* SearchResultCell.m */ = {isa = PBXFileReference; fileEncoding = 4; lastKnownFileType = sourcecode.c.objc; path = SearchResultCell.m; sourceTree = "<group>"; };
		96734F7D1C122324008CC403 /* SearchResultCell.xib */ = {isa = PBXFileReference; fileEncoding = 4; lastKnownFileType = file.xib; path = SearchResultCell.xib; sourceTree = "<group>"; };
		96734F811C13A38F008CC403 /* SearchPlaceModel.h */ = {isa = PBXFileReference; fileEncoding = 4; lastKnownFileType = sourcecode.c.h; path = SearchPlaceModel.h; sourceTree = "<group>"; };
		96734F821C13A38F008CC403 /* SearchPlaceModel.m */ = {isa = PBXFileReference; fileEncoding = 4; lastKnownFileType = sourcecode.c.objc; path = SearchPlaceModel.m; sourceTree = "<group>"; };
		96734F841C13ACD1008CC403 /* MapSearchViewController.h */ = {isa = PBXFileReference; fileEncoding = 4; lastKnownFileType = sourcecode.c.h; path = MapSearchViewController.h; sourceTree = "<group>"; };
		96734F851C13ACD1008CC403 /* MapSearchViewController.m */ = {isa = PBXFileReference; fileEncoding = 4; lastKnownFileType = sourcecode.c.objc; path = MapSearchViewController.m; sourceTree = "<group>"; };
		96734F871C13AD94008CC403 /* MapSearchResultCell.h */ = {isa = PBXFileReference; fileEncoding = 4; lastKnownFileType = sourcecode.c.h; path = MapSearchResultCell.h; sourceTree = "<group>"; };
		96734F881C13AD94008CC403 /* MapSearchResultCell.m */ = {isa = PBXFileReference; fileEncoding = 4; lastKnownFileType = sourcecode.c.objc; path = MapSearchResultCell.m; sourceTree = "<group>"; };
		96734F891C13AD94008CC403 /* MapSearchResultCell.xib */ = {isa = PBXFileReference; fileEncoding = 4; lastKnownFileType = file.xib; path = MapSearchResultCell.xib; sourceTree = "<group>"; };
		96FECC6C1C057B2A00D410FA /* MapKit.framework */ = {isa = PBXFileReference; lastKnownFileType = wrapper.framework; name = MapKit.framework; path = System/Library/Frameworks/MapKit.framework; sourceTree = SDKROOT; };
		96FECC6E1C062A7D00D410FA /* DirectionsHelper.h */ = {isa = PBXFileReference; fileEncoding = 4; lastKnownFileType = sourcecode.c.h; path = DirectionsHelper.h; sourceTree = "<group>"; };
		96FECC6F1C062A7D00D410FA /* DirectionsHelper.m */ = {isa = PBXFileReference; fileEncoding = 4; lastKnownFileType = sourcecode.c.objc; path = DirectionsHelper.m; sourceTree = "<group>"; };
		AD0536651C06AA7A00C12D12 /* SearchViewController.h */ = {isa = PBXFileReference; fileEncoding = 4; lastKnownFileType = sourcecode.c.h; path = SearchViewController.h; sourceTree = "<group>"; };
		AD0536661C06AA7A00C12D12 /* SearchViewController.m */ = {isa = PBXFileReference; fileEncoding = 4; lastKnownFileType = sourcecode.c.objc; path = SearchViewController.m; sourceTree = "<group>"; };
		AD663B521C153999003153DD /* MerchantDetailsView.h */ = {isa = PBXFileReference; fileEncoding = 4; lastKnownFileType = sourcecode.c.h; path = MerchantDetailsView.h; sourceTree = "<group>"; };
		AD663B531C153999003153DD /* MerchantDetailsView.m */ = {isa = PBXFileReference; fileEncoding = 4; lastKnownFileType = sourcecode.c.objc; path = MerchantDetailsView.m; sourceTree = "<group>"; };
		AD663B541C153999003153DD /* MerchantDetailsView.xib */ = {isa = PBXFileReference; fileEncoding = 4; lastKnownFileType = file.xib; path = MerchantDetailsView.xib; sourceTree = "<group>"; };
		E34AE9FAEDE0BE6238CD355E /* Pods.debug.xcconfig */ = {isa = PBXFileReference; includeInIndex = 1; lastKnownFileType = text.xcconfig; name = Pods.debug.xcconfig; path = "../Pods/Target Support Files/Pods/Pods.debug.xcconfig"; sourceTree = "<group>"; };
/* End PBXFileReference section */

/* Begin PBXFrameworksBuildPhase section */
		960ECF3F1BFEA20B00A50069 /* Frameworks */ = {
			isa = PBXFrameworksBuildPhase;
			buildActionMask = 2147483647;
			files = (
				96FECC6D1C057B2A00D410FA /* MapKit.framework in Frameworks */,
				A0D41FE38FE653BB4BFB0858 /* Pods.framework in Frameworks */,
			);
			runOnlyForDeploymentPostprocessing = 0;
		};
/* End PBXFrameworksBuildPhase section */

/* Begin PBXGroup section */
		960ECF391BFEA20B00A50069 = {
			isa = PBXGroup;
			children = (
				960ECF441BFEA20B00A50069 /* RouteOptimizer */,
				960ECF431BFEA20B00A50069 /* Products */,
				D4741C417CA4ACBCD63B4708 /* Pods */,
				EDCBF55204A513C86FF79816 /* Frameworks */,
			);
			sourceTree = "<group>";
		};
		960ECF431BFEA20B00A50069 /* Products */ = {
			isa = PBXGroup;
			children = (
				960ECF421BFEA20B00A50069 /* RouteOptimizer.app */,
			);
			name = Products;
			sourceTree = "<group>";
		};
		960ECF441BFEA20B00A50069 /* RouteOptimizer */ = {
			isa = PBXGroup;
			children = (
				96734F801C13A375008CC403 /* Models */,
				96734F7A1C1222FB008CC403 /* Views */,
				960ECF481BFEA20B00A50069 /* AppDelegate.h */,
				960ECF491BFEA20B00A50069 /* AppDelegate.m */,
				960ECF4B1BFEA20B00A50069 /* MapViewController.h */,
				960ECF4C1BFEA20B00A50069 /* MapViewController.m */,
				960ECF4E1BFEA20B00A50069 /* Main.storyboard */,
				AD0536651C06AA7A00C12D12 /* SearchViewController.h */,
				AD0536661C06AA7A00C12D12 /* SearchViewController.m */,
				960ECF511BFEA20B00A50069 /* Assets.xcassets */,
				960ECF531BFEA20B00A50069 /* LaunchScreen.storyboard */,
				960ECF561BFEA20B00A50069 /* Info.plist */,
				960ECF451BFEA20B00A50069 /* Supporting Files */,
				96FECC6E1C062A7D00D410FA /* DirectionsHelper.h */,
				96FECC6F1C062A7D00D410FA /* DirectionsHelper.m */,
				96734F841C13ACD1008CC403 /* MapSearchViewController.h */,
				96734F851C13ACD1008CC403 /* MapSearchViewController.m */,
			);
			path = RouteOptimizer;
			sourceTree = "<group>";
		};
		960ECF451BFEA20B00A50069 /* Supporting Files */ = {
			isa = PBXGroup;
			children = (
				960ECF461BFEA20B00A50069 /* main.m */,
			);
			name = "Supporting Files";
			sourceTree = "<group>";
		};
		96734F7A1C1222FB008CC403 /* Views */ = {
			isa = PBXGroup;
			children = (
				96734F7B1C122324008CC403 /* SearchResultCell.h */,
				96734F7C1C122324008CC403 /* SearchResultCell.m */,
				96734F7D1C122324008CC403 /* SearchResultCell.xib */,
				96734F871C13AD94008CC403 /* MapSearchResultCell.h */,
				96734F881C13AD94008CC403 /* MapSearchResultCell.m */,
				96734F891C13AD94008CC403 /* MapSearchResultCell.xib */,
				AD663B521C153999003153DD /* MerchantDetailsView.h */,
				AD663B531C153999003153DD /* MerchantDetailsView.m */,
				AD663B541C153999003153DD /* MerchantDetailsView.xib */,
			);
			name = Views;
			sourceTree = "<group>";
		};
		96734F801C13A375008CC403 /* Models */ = {
			isa = PBXGroup;
			children = (
				96734F811C13A38F008CC403 /* SearchPlaceModel.h */,
				96734F821C13A38F008CC403 /* SearchPlaceModel.m */,
			);
			name = Models;
			sourceTree = "<group>";
		};
		D4741C417CA4ACBCD63B4708 /* Pods */ = {
			isa = PBXGroup;
			children = (
				E34AE9FAEDE0BE6238CD355E /* Pods.debug.xcconfig */,
				334D8E9AC9675998B5682CF1 /* Pods.release.xcconfig */,
			);
			name = Pods;
			sourceTree = "<group>";
		};
		EDCBF55204A513C86FF79816 /* Frameworks */ = {
			isa = PBXGroup;
			children = (
				96FECC6C1C057B2A00D410FA /* MapKit.framework */,
				394751ADFB3FE99E23722F45 /* Pods.framework */,
			);
			name = Frameworks;
			sourceTree = "<group>";
		};
/* End PBXGroup section */

/* Begin PBXNativeTarget section */
		960ECF411BFEA20B00A50069 /* RouteOptimizer */ = {
			isa = PBXNativeTarget;
			buildConfigurationList = 960ECF591BFEA20B00A50069 /* Build configuration list for PBXNativeTarget "RouteOptimizer" */;
			buildPhases = (
				E1360E3C6727A16B168462E2 /* Check Pods Manifest.lock */,
				960ECF3E1BFEA20B00A50069 /* Sources */,
				960ECF3F1BFEA20B00A50069 /* Frameworks */,
				960ECF401BFEA20B00A50069 /* Resources */,
				590D2D62E4E783A39F1D2D07 /* Embed Pods Frameworks */,
				FFFBEF3D8CAEDE0BD6A8BB76 /* Copy Pods Resources */,
			);
			buildRules = (
			);
			dependencies = (
			);
			name = RouteOptimizer;
			productName = RouteOptimizer;
			productReference = 960ECF421BFEA20B00A50069 /* RouteOptimizer.app */;
			productType = "com.apple.product-type.application";
		};
/* End PBXNativeTarget section */

/* Begin PBXProject section */
		960ECF3A1BFEA20B00A50069 /* Project object */ = {
			isa = PBXProject;
			attributes = {
				LastUpgradeCheck = 0700;
				ORGANIZATIONNAME = " Minett";
				TargetAttributes = {
					960ECF411BFEA20B00A50069 = {
						CreatedOnToolsVersion = 7.0.1;
					};
				};
			};
			buildConfigurationList = 960ECF3D1BFEA20B00A50069 /* Build configuration list for PBXProject "RouteOptimizer" */;
			compatibilityVersion = "Xcode 3.2";
			developmentRegion = English;
			hasScannedForEncodings = 0;
			knownRegions = (
				en,
				Base,
			);
			mainGroup = 960ECF391BFEA20B00A50069;
			productRefGroup = 960ECF431BFEA20B00A50069 /* Products */;
			projectDirPath = "";
			projectRoot = "";
			targets = (
				960ECF411BFEA20B00A50069 /* RouteOptimizer */,
			);
		};
/* End PBXProject section */

/* Begin PBXResourcesBuildPhase section */
		960ECF401BFEA20B00A50069 /* Resources */ = {
			isa = PBXResourcesBuildPhase;
			buildActionMask = 2147483647;
			files = (
				960ECF551BFEA20B00A50069 /* LaunchScreen.storyboard in Resources */,
				960ECF521BFEA20B00A50069 /* Assets.xcassets in Resources */,
				96734F7F1C122324008CC403 /* SearchResultCell.xib in Resources */,
				96734F8B1C13AD94008CC403 /* MapSearchResultCell.xib in Resources */,
				960ECF501BFEA20B00A50069 /* Main.storyboard in Resources */,
				AD663B561C153999003153DD /* MerchantDetailsView.xib in Resources */,
			);
			runOnlyForDeploymentPostprocessing = 0;
		};
/* End PBXResourcesBuildPhase section */

/* Begin PBXShellScriptBuildPhase section */
		590D2D62E4E783A39F1D2D07 /* Embed Pods Frameworks */ = {
			isa = PBXShellScriptBuildPhase;
			buildActionMask = 2147483647;
			files = (
			);
			inputPaths = (
			);
			name = "Embed Pods Frameworks";
			outputPaths = (
			);
			runOnlyForDeploymentPostprocessing = 0;
			shellPath = /bin/sh;
			shellScript = "\"${SRCROOT}/../Pods/Target Support Files/Pods/Pods-frameworks.sh\"\n";
			showEnvVarsInLog = 0;
		};
		E1360E3C6727A16B168462E2 /* Check Pods Manifest.lock */ = {
			isa = PBXShellScriptBuildPhase;
			buildActionMask = 2147483647;
			files = (
			);
			inputPaths = (
			);
			name = "Check Pods Manifest.lock";
			outputPaths = (
			);
			runOnlyForDeploymentPostprocessing = 0;
			shellPath = /bin/sh;
			shellScript = "diff \"${PODS_ROOT}/../Podfile.lock\" \"${PODS_ROOT}/Manifest.lock\" > /dev/null\nif [[ $? != 0 ]] ; then\n    cat << EOM\nerror: The sandbox is not in sync with the Podfile.lock. Run 'pod install' or update your CocoaPods installation.\nEOM\n    exit 1\nfi\n";
			showEnvVarsInLog = 0;
		};
		FFFBEF3D8CAEDE0BD6A8BB76 /* Copy Pods Resources */ = {
			isa = PBXShellScriptBuildPhase;
			buildActionMask = 2147483647;
			files = (
			);
			inputPaths = (
			);
			name = "Copy Pods Resources";
			outputPaths = (
			);
			runOnlyForDeploymentPostprocessing = 0;
			shellPath = /bin/sh;
			shellScript = "\"${SRCROOT}/../Pods/Target Support Files/Pods/Pods-resources.sh\"\n";
			showEnvVarsInLog = 0;
		};
/* End PBXShellScriptBuildPhase section */

/* Begin PBXSourcesBuildPhase section */
		960ECF3E1BFEA20B00A50069 /* Sources */ = {
			isa = PBXSourcesBuildPhase;
			buildActionMask = 2147483647;
			files = (
				96734F8A1C13AD94008CC403 /* MapSearchResultCell.m in Sources */,
				96734F7E1C122324008CC403 /* SearchResultCell.m in Sources */,
				AD663B551C153999003153DD /* MerchantDetailsView.m in Sources */,
				960ECF4D1BFEA20B00A50069 /* MapViewController.m in Sources */,
				96734F831C13A38F008CC403 /* SearchPlaceModel.m in Sources */,
				96FECC701C062A7D00D410FA /* DirectionsHelper.m in Sources */,
				AD0536671C06AA7A00C12D12 /* SearchViewController.m in Sources */,
				960ECF4A1BFEA20B00A50069 /* AppDelegate.m in Sources */,
				960ECF471BFEA20B00A50069 /* main.m in Sources */,
				96734F861C13ACD1008CC403 /* MapSearchViewController.m in Sources */,
			);
			runOnlyForDeploymentPostprocessing = 0;
		};
/* End PBXSourcesBuildPhase section */

/* Begin PBXVariantGroup section */
		960ECF4E1BFEA20B00A50069 /* Main.storyboard */ = {
			isa = PBXVariantGroup;
			children = (
				960ECF4F1BFEA20B00A50069 /* Base */,
			);
			name = Main.storyboard;
			sourceTree = "<group>";
		};
		960ECF531BFEA20B00A50069 /* LaunchScreen.storyboard */ = {
			isa = PBXVariantGroup;
			children = (
				960ECF541BFEA20B00A50069 /* Base */,
			);
			name = LaunchScreen.storyboard;
			sourceTree = "<group>";
		};
/* End PBXVariantGroup section */

/* Begin XCBuildConfiguration section */
		960ECF571BFEA20B00A50069 /* Debug */ = {
			isa = XCBuildConfiguration;
			buildSettings = {
				ALWAYS_SEARCH_USER_PATHS = NO;
				CLANG_CXX_LANGUAGE_STANDARD = "gnu++0x";
				CLANG_CXX_LIBRARY = "libc++";
				CLANG_ENABLE_MODULES = YES;
				CLANG_ENABLE_OBJC_ARC = YES;
				CLANG_WARN_BOOL_CONVERSION = YES;
				CLANG_WARN_CONSTANT_CONVERSION = YES;
				CLANG_WARN_DIRECT_OBJC_ISA_USAGE = YES_ERROR;
				CLANG_WARN_EMPTY_BODY = YES;
				CLANG_WARN_ENUM_CONVERSION = YES;
				CLANG_WARN_INT_CONVERSION = YES;
				CLANG_WARN_OBJC_ROOT_CLASS = YES_ERROR;
				CLANG_WARN_UNREACHABLE_CODE = YES;
				CLANG_WARN__DUPLICATE_METHOD_MATCH = YES;
				"CODE_SIGN_IDENTITY[sdk=iphoneos*]" = "iPhone Developer";
				COPY_PHASE_STRIP = NO;
				DEBUG_INFORMATION_FORMAT = dwarf;
				ENABLE_STRICT_OBJC_MSGSEND = YES;
				ENABLE_TESTABILITY = YES;
				GCC_C_LANGUAGE_STANDARD = gnu99;
				GCC_DYNAMIC_NO_PIC = NO;
				GCC_NO_COMMON_BLOCKS = YES;
				GCC_OPTIMIZATION_LEVEL = 0;
				GCC_PREPROCESSOR_DEFINITIONS = (
					"DEBUG=1",
					"$(inherited)",
				);
				GCC_WARN_64_TO_32_BIT_CONVERSION = YES;
				GCC_WARN_ABOUT_RETURN_TYPE = YES_ERROR;
				GCC_WARN_UNDECLARED_SELECTOR = YES;
				GCC_WARN_UNINITIALIZED_AUTOS = YES_AGGRESSIVE;
				GCC_WARN_UNUSED_FUNCTION = YES;
				GCC_WARN_UNUSED_VARIABLE = YES;
				IPHONEOS_DEPLOYMENT_TARGET = 9.0;
				MTL_ENABLE_DEBUG_INFO = YES;
				ONLY_ACTIVE_ARCH = YES;
				SDKROOT = iphoneos;
				TARGETED_DEVICE_FAMILY = "1,2";
			};
			name = Debug;
		};
		960ECF581BFEA20B00A50069 /* Release */ = {
			isa = XCBuildConfiguration;
			buildSettings = {
				ALWAYS_SEARCH_USER_PATHS = NO;
				CLANG_CXX_LANGUAGE_STANDARD = "gnu++0x";
				CLANG_CXX_LIBRARY = "libc++";
				CLANG_ENABLE_MODULES = YES;
				CLANG_ENABLE_OBJC_ARC = YES;
				CLANG_WARN_BOOL_CONVERSION = YES;
				CLANG_WARN_CONSTANT_CONVERSION = YES;
				CLANG_WARN_DIRECT_OBJC_ISA_USAGE = YES_ERROR;
				CLANG_WARN_EMPTY_BODY = YES;
				CLANG_WARN_ENUM_CONVERSION = YES;
				CLANG_WARN_INT_CONVERSION = YES;
				CLANG_WARN_OBJC_ROOT_CLASS = YES_ERROR;
				CLANG_WARN_UNREACHABLE_CODE = YES;
				CLANG_WARN__DUPLICATE_METHOD_MATCH = YES;
				"CODE_SIGN_IDENTITY[sdk=iphoneos*]" = "iPhone Developer";
				COPY_PHASE_STRIP = NO;
				DEBUG_INFORMATION_FORMAT = "dwarf-with-dsym";
				ENABLE_NS_ASSERTIONS = NO;
				ENABLE_STRICT_OBJC_MSGSEND = YES;
				GCC_C_LANGUAGE_STANDARD = gnu99;
				GCC_NO_COMMON_BLOCKS = YES;
				GCC_WARN_64_TO_32_BIT_CONVERSION = YES;
				GCC_WARN_ABOUT_RETURN_TYPE = YES_ERROR;
				GCC_WARN_UNDECLARED_SELECTOR = YES;
				GCC_WARN_UNINITIALIZED_AUTOS = YES_AGGRESSIVE;
				GCC_WARN_UNUSED_FUNCTION = YES;
				GCC_WARN_UNUSED_VARIABLE = YES;
				IPHONEOS_DEPLOYMENT_TARGET = 9.0;
				MTL_ENABLE_DEBUG_INFO = NO;
				SDKROOT = iphoneos;
				TARGETED_DEVICE_FAMILY = "1,2";
				VALIDATE_PRODUCT = YES;
			};
			name = Release;
		};
		960ECF5A1BFEA20B00A50069 /* Debug */ = {
			isa = XCBuildConfiguration;
			baseConfigurationReference = E34AE9FAEDE0BE6238CD355E /* Pods.debug.xcconfig */;
			buildSettings = {
				ASSETCATALOG_COMPILER_APPICON_NAME = AppIcon;
				INFOPLIST_FILE = RouteOptimizer/Info.plist;
				LD_RUNPATH_SEARCH_PATHS = "$(inherited) @executable_path/Frameworks";
				PRODUCT_BUNDLE_IDENTIFIER = com.RouteOptimizer;
				PRODUCT_NAME = "$(TARGET_NAME)";
			};
			name = Debug;
		};
		960ECF5B1BFEA20B00A50069 /* Release */ = {
			isa = XCBuildConfiguration;
			baseConfigurationReference = 334D8E9AC9675998B5682CF1 /* Pods.release.xcconfig */;
			buildSettings = {
				ASSETCATALOG_COMPILER_APPICON_NAME = AppIcon;
				INFOPLIST_FILE = RouteOptimizer/Info.plist;
				LD_RUNPATH_SEARCH_PATHS = "$(inherited) @executable_path/Frameworks";
				PRODUCT_BUNDLE_IDENTIFIER = com.RouteOptimizer;
				PRODUCT_NAME = "$(TARGET_NAME)";
			};
			name = Release;
		};
/* End XCBuildConfiguration section */

/* Begin XCConfigurationList section */
		960ECF3D1BFEA20B00A50069 /* Build configuration list for PBXProject "RouteOptimizer" */ = {
			isa = XCConfigurationList;
			buildConfigurations = (
				960ECF571BFEA20B00A50069 /* Debug */,
				960ECF581BFEA20B00A50069 /* Release */,
			);
			defaultConfigurationIsVisible = 0;
			defaultConfigurationName = Release;
		};
		960ECF591BFEA20B00A50069 /* Build configuration list for PBXNativeTarget "RouteOptimizer" */ = {
			isa = XCConfigurationList;
			buildConfigurations = (
				960ECF5A1BFEA20B00A50069 /* Debug */,
				960ECF5B1BFEA20B00A50069 /* Release */,
			);
			defaultConfigurationIsVisible = 0;
			defaultConfigurationName = Release;
		};
/* End XCConfigurationList section */
	};
	rootObject = 960ECF3A1BFEA20B00A50069 /* Project object */;
}
